PODS:
  - Capacitor (5.2.1):
    - CapacitorCordova
  - CapacitorCamera (5.0.6):
    - Capacitor
  - CapacitorCordova (5.2.1)
  - CapacitorDevice (5.0.6):
    - Capacitor
  - CapacitorSplashScreen (5.0.6):
    - Capacitor

DEPENDENCIES:
  - "Capacitor (from `../../node_modules/@capacitor/ios`)"
  - "CapacitorCamera (from `../../node_modules/@capacitor/camera`)"
  - "CapacitorCordova (from `../../node_modules/@capacitor/ios`)"
  - "CapacitorDevice (from `../../node_modules/@capacitor/device`)"
  - "CapacitorSplashScreen (from `../../node_modules/@capacitor/splash-screen`)"

EXTERNAL SOURCES:
  Capacitor:
    :path: "../../node_modules/@capacitor/ios"
  CapacitorCamera:
    :path: "../../node_modules/@capacitor/camera"
  CapacitorCordova:
    :path: "../../node_modules/@capacitor/ios"
  CapacitorDevice:
    :path: "../../node_modules/@capacitor/device"
  CapacitorSplashScreen:
    :path: "../../node_modules/@capacitor/splash-screen"

SPEC CHECKSUMS:
  Capacitor: 36510199454641113344c2e5ef43bf3f54b5af79
  CapacitorCamera: 4a95204d13a05b0b726bf9086b44124349ab1952
  CapacitorCordova: d173eeb1635e62aa95a20874a5d5cbbf0aa1e0df
  CapacitorDevice: 2c968f98a1ec4d22357418c1521e7ddc46c675e6
  CapacitorSplashScreen: 5fa2ab5e46cf5cc530cf16a51c80c7a986579ccd

PODFILE CHECKSUM: 0124713879bcf7c4057cbafe7dbeaaaab6f76dff

COCOAPODS: 1.11.3
